
Microsoft Visual Studio Solution File, Format Version 12.00
Project("{FAE04EC0-301F-11D3-BF4B-00C04F79EFBC}") = "AdventOfCode2024", "AdventOfCode2024\AdventOfCode2024.csproj", "{F6066CD1-A733-40B5-B046-D90AFDF61361}"
EndProject
Project("{FAE04EC0-301F-11D3-BF4B-00C04F79EFBC}") = "AdventOfCode2024.Tests", "AdventOfCode2024.Tests\AdventOfCode2024.Tests.csproj", "{A8DB05A6-2AAA-4C86-9BC9-E9BC57E83C9D}"
EndProject
Global
	GlobalSection(SolutionConfigurationPlatforms) = preSolution
		Debug|Any CPU = Debug|Any CPU
		Release|Any CPU = Release|Any CPU
	EndGlobalSection
	GlobalSection(ProjectConfigurationPlatforms) = postSolution
		{F6066CD1-A733-40B5-B046-D90AFDF61361}.Debug|Any CPU.ActiveCfg = Debug|Any CPU
		{F6066CD1-A733-40B5-B046-D90AFDF61361}.Debug|Any CPU.Build.0 = Debug|Any CPU
		{F6066CD1-A733-40B5-B046-D90AFDF61361}.Release|Any CPU.ActiveCfg = Release|Any CPU
		{F6066CD1-A733-40B5-B046-D90AFDF61361}.Release|Any CPU.Build.0 = Release|Any CPU
		{A8DB05A6-2AAA-4C86-9BC9-E9BC57E83C9D}.Debug|Any CPU.ActiveCfg = Debug|Any CPU
		{A8DB05A6-2AAA-4C86-9BC9-E9BC57E83C9D}.Debug|Any CPU.Build.0 = Debug|Any CPU
		{A8DB05A6-2AAA-4C86-9BC9-E9BC57E83C9D}.Release|Any CPU.ActiveCfg = Release|Any CPU
		{A8DB05A6-2AAA-4C86-9BC9-E9BC57E83C9D}.Release|Any CPU.Build.0 = Release|Any CPU
	EndGlobalSection
EndGlobal
